
Microsoft Visual Studio Solution File, Format Version 12.00
Project("{2150E333-8FDC-42A3-9474-1A3956D46DE8}") = "src", "src", "{4ED1239F-CBB8-4573-AB33-7D565E02F285}"
EndProject
Project("{FAE04EC0-301F-11D3-BF4B-00C04F79EFBC}") = "FS.RabbitMQ.Core", "src\FS.RabbitMQ.Core\FS.RabbitMQ.Core.csproj", "{C9B6FE96-7060-4731-AFAC-EA943234F310}"
EndProject
Project("{FAE04EC0-301F-11D3-BF4B-00C04F79EFBC}") = "FS.RabbitMQ.Connection", "src\FS.RabbitMQ.Connection\FS.RabbitMQ.Connection.csproj", "{C04AFF10-EF79-46D6-819D-17948364C5B6}"
EndProject
Project("{FAE04EC0-301F-11D3-BF4B-00C04F79EFBC}") = "FS.RabbitMQ.Messaging", "src\FS.RabbitMQ.Messaging\FS.RabbitMQ.Messaging.csproj", "{8B4D0E7E-02E3-4292-98D6-6616EFDC2613}"
EndProject
Project("{FAE04EC0-301F-11D3-BF4B-00C04F79EFBC}") = "FS.RabbitMQ.Resilience", "src\FS.RabbitMQ.Resilience\FS.RabbitMQ.Resilience.csproj", "{C4F04BC4-B0B1-4C35-8F24-CB5A0679A279}"
EndProject
Project("{FAE04EC0-301F-11D3-BF4B-00C04F79EFBC}") = "FS.RabbitMQ.EventDriven", "src\FS.RabbitMQ.EventDriven\FS.RabbitMQ.EventDriven.csproj", "{66BBF9A3-701D-4C81-A57E-156592EDAA22}"
EndProject
Project("{FAE04EC0-301F-11D3-BF4B-00C04F79EFBC}") = "FS.RabbitMQ.Infrastructure", "src\FS.RabbitMQ.Infrastructure\FS.RabbitMQ.Infrastructure.csproj", "{88886452-5F77-4A5E-8FF8-34113812253A}"
EndProject
Global
	GlobalSection(SolutionConfigurationPlatforms) = preSolution
		Debug|Any CPU = Debug|Any CPU
		Release|Any CPU = Release|Any CPU
	EndGlobalSection
	GlobalSection(NestedProjects) = preSolution
		{C9B6FE96-7060-4731-AFAC-EA943234F310} = {4ED1239F-CBB8-4573-AB33-7D565E02F285}
		{C04AFF10-EF79-46D6-819D-17948364C5B6} = {4ED1239F-CBB8-4573-AB33-7D565E02F285}
		{8B4D0E7E-02E3-4292-98D6-6616EFDC2613} = {4ED1239F-CBB8-4573-AB33-7D565E02F285}
		{C4F04BC4-B0B1-4C35-8F24-CB5A0679A279} = {4ED1239F-CBB8-4573-AB33-7D565E02F285}
		{66BBF9A3-701D-4C81-A57E-156592EDAA22} = {4ED1239F-CBB8-4573-AB33-7D565E02F285}
		{88886452-5F77-4A5E-8FF8-34113812253A} = {4ED1239F-CBB8-4573-AB33-7D565E02F285}
	EndGlobalSection
	GlobalSection(ProjectConfigurationPlatforms) = postSolution
		{C9B6FE96-7060-4731-AFAC-EA943234F310}.Debug|Any CPU.ActiveCfg = Debug|Any CPU
		{C9B6FE96-7060-4731-AFAC-EA943234F310}.Debug|Any CPU.Build.0 = Debug|Any CPU
		{C9B6FE96-7060-4731-AFAC-EA943234F310}.Release|Any CPU.ActiveCfg = Release|Any CPU
		{C9B6FE96-7060-4731-AFAC-EA943234F310}.Release|Any CPU.Build.0 = Release|Any CPU
		{C04AFF10-EF79-46D6-819D-17948364C5B6}.Debug|Any CPU.ActiveCfg = Debug|Any CPU
		{C04AFF10-EF79-46D6-819D-17948364C5B6}.Debug|Any CPU.Build.0 = Debug|Any CPU
		{C04AFF10-EF79-46D6-819D-17948364C5B6}.Release|Any CPU.ActiveCfg = Release|Any CPU
		{C04AFF10-EF79-46D6-819D-17948364C5B6}.Release|Any CPU.Build.0 = Release|Any CPU
		{8B4D0E7E-02E3-4292-98D6-6616EFDC2613}.Debug|Any CPU.ActiveCfg = Debug|Any CPU
		{8B4D0E7E-02E3-4292-98D6-6616EFDC2613}.Debug|Any CPU.Build.0 = Debug|Any CPU
		{8B4D0E7E-02E3-4292-98D6-6616EFDC2613}.Release|Any CPU.ActiveCfg = Release|Any CPU
		{8B4D0E7E-02E3-4292-98D6-6616EFDC2613}.Release|Any CPU.Build.0 = Release|Any CPU
		{C4F04BC4-B0B1-4C35-8F24-CB5A0679A279}.Debug|Any CPU.ActiveCfg = Debug|Any CPU
		{C4F04BC4-B0B1-4C35-8F24-CB5A0679A279}.Debug|Any CPU.Build.0 = Debug|Any CPU
		{C4F04BC4-B0B1-4C35-8F24-CB5A0679A279}.Release|Any CPU.ActiveCfg = Release|Any CPU
		{C4F04BC4-B0B1-4C35-8F24-CB5A0679A279}.Release|Any CPU.Build.0 = Release|Any CPU
		{66BBF9A3-701D-4C81-A57E-156592EDAA22}.Debug|Any CPU.ActiveCfg = Debug|Any CPU
		{66BBF9A3-701D-4C81-A57E-156592EDAA22}.Debug|Any CPU.Build.0 = Debug|Any CPU
		{66BBF9A3-701D-4C81-A57E-156592EDAA22}.Release|Any CPU.ActiveCfg = Release|Any CPU
		{66BBF9A3-701D-4C81-A57E-156592EDAA22}.Release|Any CPU.Build.0 = Release|Any CPU
		{88886452-5F77-4A5E-8FF8-34113812253A}.Debug|Any CPU.ActiveCfg = Debug|Any CPU
		{88886452-5F77-4A5E-8FF8-34113812253A}.Debug|Any CPU.Build.0 = Debug|Any CPU
		{88886452-5F77-4A5E-8FF8-34113812253A}.Release|Any CPU.ActiveCfg = Release|Any CPU
		{88886452-5F77-4A5E-8FF8-34113812253A}.Release|Any CPU.Build.0 = Release|Any CPU
	EndGlobalSection
EndGlobal
